// !$*UTF8*$!
{
	archiveVersion = 1;
	classes = {
	};
	objectVersion = 48;
	objects = {

/* Begin PBXBuildFile section */
		0528CD29E51FB9F4E643AE3D /* Pods_PrecioScan.framework in Frameworks */ = {isa = PBXBuildFile; fileRef = 21711979D3BFC5050CB3B4E5 /* Pods_PrecioScan.framework */; };
		30FFE6221F85977E001CE3B8 /* AppDelegate.swift in Sources */ = {isa = PBXBuildFile; fileRef = 30FFE6211F85977E001CE3B8 /* AppDelegate.swift */; };
		30FFE6241F85977E001CE3B8 /* ViewController.swift in Sources */ = {isa = PBXBuildFile; fileRef = 30FFE6231F85977E001CE3B8 /* ViewController.swift */; };
		30FFE6271F85977E001CE3B8 /* Main.storyboard in Resources */ = {isa = PBXBuildFile; fileRef = 30FFE6251F85977E001CE3B8 /* Main.storyboard */; };
		30FFE6291F85977E001CE3B8 /* Assets.xcassets in Resources */ = {isa = PBXBuildFile; fileRef = 30FFE6281F85977E001CE3B8 /* Assets.xcassets */; };
		30FFE62C1F85977E001CE3B8 /* LaunchScreen.storyboard in Resources */ = {isa = PBXBuildFile; fileRef = 30FFE62A1F85977E001CE3B8 /* LaunchScreen.storyboard */; };
		30FFE6371F85977E001CE3B8 /* PrecioScanTests.swift in Sources */ = {isa = PBXBuildFile; fileRef = 30FFE6361F85977E001CE3B8 /* PrecioScanTests.swift */; };
		30FFE6421F85977E001CE3B8 /* PrecioScanUITests.swift in Sources */ = {isa = PBXBuildFile; fileRef = 30FFE6411F85977E001CE3B8 /* PrecioScanUITests.swift */; };
		666561EDA52DB1BAAEBA3B3A /* Pods_PrecioScanUITests.framework in Frameworks */ = {isa = PBXBuildFile; fileRef = 9B5EB06121EA012ADC4D6797 /* Pods_PrecioScanUITests.framework */; };
		F6E47D820B37E3A83C07FB74 /* Pods_PrecioScanTests.framework in Frameworks */ = {isa = PBXBuildFile; fileRef = DE9B266A0EFB06CF317C4466 /* Pods_PrecioScanTests.framework */; };
/* End PBXBuildFile section */

/* Begin PBXContainerItemProxy section */
		30FFE6331F85977E001CE3B8 /* PBXContainerItemProxy */ = {
			isa = PBXContainerItemProxy;
			containerPortal = 30FFE6161F85977E001CE3B8 /* Project object */;
			proxyType = 1;
			remoteGlobalIDString = 30FFE61D1F85977E001CE3B8;
			remoteInfo = PrecioScan;
		};
		30FFE63E1F85977E001CE3B8 /* PBXContainerItemProxy */ = {
			isa = PBXContainerItemProxy;
			containerPortal = 30FFE6161F85977E001CE3B8 /* Project object */;
			proxyType = 1;
			remoteGlobalIDString = 30FFE61D1F85977E001CE3B8;
			remoteInfo = PrecioScan;
		};
/* End PBXContainerItemProxy section */

/* Begin PBXFileReference section */
		0AAAD7346DF821F431583F23 /* Pods-PrecioScanTests.release.xcconfig */ = {isa = PBXFileReference; includeInIndex = 1; lastKnownFileType = text.xcconfig; name = "Pods-PrecioScanTests.release.xcconfig"; path = "Pods/Target Support Files/Pods-PrecioScanTests/Pods-PrecioScanTests.release.xcconfig"; sourceTree = "<group>"; };
		21711979D3BFC5050CB3B4E5 /* Pods_PrecioScan.framework */ = {isa = PBXFileReference; explicitFileType = wrapper.framework; includeInIndex = 0; path = Pods_PrecioScan.framework; sourceTree = BUILT_PRODUCTS_DIR; };
		2F655A3BDDA6A82F5F6981B2 /* Pods-PrecioScanUITests.release.xcconfig */ = {isa = PBXFileReference; includeInIndex = 1; lastKnownFileType = text.xcconfig; name = "Pods-PrecioScanUITests.release.xcconfig"; path = "Pods/Target Support Files/Pods-PrecioScanUITests/Pods-PrecioScanUITests.release.xcconfig"; sourceTree = "<group>"; };
		30FFE61E1F85977E001CE3B8 /* PrecioScan.app */ = {isa = PBXFileReference; explicitFileType = wrapper.application; includeInIndex = 0; path = PrecioScan.app; sourceTree = BUILT_PRODUCTS_DIR; };
		30FFE6211F85977E001CE3B8 /* AppDelegate.swift */ = {isa = PBXFileReference; lastKnownFileType = sourcecode.swift; path = AppDelegate.swift; sourceTree = "<group>"; };
		30FFE6231F85977E001CE3B8 /* ViewController.swift */ = {isa = PBXFileReference; lastKnownFileType = sourcecode.swift; path = ViewController.swift; sourceTree = "<group>"; };
		30FFE6261F85977E001CE3B8 /* Base */ = {isa = PBXFileReference; lastKnownFileType = file.storyboard; name = Base; path = Base.lproj/Main.storyboard; sourceTree = "<group>"; };
		30FFE6281F85977E001CE3B8 /* Assets.xcassets */ = {isa = PBXFileReference; lastKnownFileType = folder.assetcatalog; path = Assets.xcassets; sourceTree = "<group>"; };
		30FFE62B1F85977E001CE3B8 /* Base */ = {isa = PBXFileReference; lastKnownFileType = file.storyboard; name = Base; path = Base.lproj/LaunchScreen.storyboard; sourceTree = "<group>"; };
		30FFE62D1F85977E001CE3B8 /* Info.plist */ = {isa = PBXFileReference; lastKnownFileType = text.plist.xml; path = Info.plist; sourceTree = "<group>"; };
		30FFE6321F85977E001CE3B8 /* PrecioScanTests.xctest */ = {isa = PBXFileReference; explicitFileType = wrapper.cfbundle; includeInIndex = 0; path = PrecioScanTests.xctest; sourceTree = BUILT_PRODUCTS_DIR; };
		30FFE6361F85977E001CE3B8 /* PrecioScanTests.swift */ = {isa = PBXFileReference; lastKnownFileType = sourcecode.swift; path = PrecioScanTests.swift; sourceTree = "<group>"; };
		30FFE6381F85977E001CE3B8 /* Info.plist */ = {isa = PBXFileReference; lastKnownFileType = text.plist.xml; path = Info.plist; sourceTree = "<group>"; };
		30FFE63D1F85977E001CE3B8 /* PrecioScanUITests.xctest */ = {isa = PBXFileReference; explicitFileType = wrapper.cfbundle; includeInIndex = 0; path = PrecioScanUITests.xctest; sourceTree = BUILT_PRODUCTS_DIR; };
		30FFE6411F85977E001CE3B8 /* PrecioScanUITests.swift */ = {isa = PBXFileReference; lastKnownFileType = sourcecode.swift; path = PrecioScanUITests.swift; sourceTree = "<group>"; };
		30FFE6431F85977E001CE3B8 /* Info.plist */ = {isa = PBXFileReference; lastKnownFileType = text.plist.xml; path = Info.plist; sourceTree = "<group>"; };
		4156FBB940111A35BD279D0D /* Pods-PrecioScanTests.debug.xcconfig */ = {isa = PBXFileReference; includeInIndex = 1; lastKnownFileType = text.xcconfig; name = "Pods-PrecioScanTests.debug.xcconfig"; path = "Pods/Target Support Files/Pods-PrecioScanTests/Pods-PrecioScanTests.debug.xcconfig"; sourceTree = "<group>"; };
		42CACF8C67CE87D680AF42D8 /* Pods-PrecioScan.debug.xcconfig */ = {isa = PBXFileReference; includeInIndex = 1; lastKnownFileType = text.xcconfig; name = "Pods-PrecioScan.debug.xcconfig"; path = "Pods/Target Support Files/Pods-PrecioScan/Pods-PrecioScan.debug.xcconfig"; sourceTree = "<group>"; };
		9B5EB06121EA012ADC4D6797 /* Pods_PrecioScanUITests.framework */ = {isa = PBXFileReference; explicitFileType = wrapper.framework; includeInIndex = 0; path = Pods_PrecioScanUITests.framework; sourceTree = BUILT_PRODUCTS_DIR; };
		DE9B266A0EFB06CF317C4466 /* Pods_PrecioScanTests.framework */ = {isa = PBXFileReference; explicitFileType = wrapper.framework; includeInIndex = 0; path = Pods_PrecioScanTests.framework; sourceTree = BUILT_PRODUCTS_DIR; };
		EB7E8D53036E3E9AE05BB878 /* Pods-PrecioScan.release.xcconfig */ = {isa = PBXFileReference; includeInIndex = 1; lastKnownFileType = text.xcconfig; name = "Pods-PrecioScan.release.xcconfig"; path = "Pods/Target Support Files/Pods-PrecioScan/Pods-PrecioScan.release.xcconfig"; sourceTree = "<group>"; };
		F780BF0F7F1734FBBBC13754 /* Pods-PrecioScanUITests.debug.xcconfig */ = {isa = PBXFileReference; includeInIndex = 1; lastKnownFileType = text.xcconfig; name = "Pods-PrecioScanUITests.debug.xcconfig"; path = "Pods/Target Support Files/Pods-PrecioScanUITests/Pods-PrecioScanUITests.debug.xcconfig"; sourceTree = "<group>"; };
/* End PBXFileReference section */

/* Begin PBXFrameworksBuildPhase section */
		30FFE61B1F85977E001CE3B8 /* Frameworks */ = {
			isa = PBXFrameworksBuildPhase;
			buildActionMask = 2147483647;
			files = (
				0528CD29E51FB9F4E643AE3D /* Pods_PrecioScan.framework in Frameworks */,
			);
			runOnlyForDeploymentPostprocessing = 0;
		};
		30FFE62F1F85977E001CE3B8 /* Frameworks */ = {
			isa = PBXFrameworksBuildPhase;
			buildActionMask = 2147483647;
			files = (
				F6E47D820B37E3A83C07FB74 /* Pods_PrecioScanTests.framework in Frameworks */,
			);
			runOnlyForDeploymentPostprocessing = 0;
		};
		30FFE63A1F85977E001CE3B8 /* Frameworks */ = {
			isa = PBXFrameworksBuildPhase;
			buildActionMask = 2147483647;
			files = (
				666561EDA52DB1BAAEBA3B3A /* Pods_PrecioScanUITests.framework in Frameworks */,
			);
			runOnlyForDeploymentPostprocessing = 0;
		};
/* End PBXFrameworksBuildPhase section */

/* Begin PBXGroup section */
		30FFE6151F85977E001CE3B8 = {
			isa = PBXGroup;
			children = (
				30FFE6201F85977E001CE3B8 /* PrecioScan */,
				30FFE6351F85977E001CE3B8 /* PrecioScanTests */,
				30FFE6401F85977E001CE3B8 /* PrecioScanUITests */,
				30FFE61F1F85977E001CE3B8 /* Products */,
				440E08B9AFB5E1578FA15A06 /* Pods */,
				44EB93D0A13394B089405FEB /* Frameworks */,
			);
			sourceTree = "<group>";
		};
		30FFE61F1F85977E001CE3B8 /* Products */ = {
			isa = PBXGroup;
			children = (
				30FFE61E1F85977E001CE3B8 /* PrecioScan.app */,
				30FFE6321F85977E001CE3B8 /* PrecioScanTests.xctest */,
				30FFE63D1F85977E001CE3B8 /* PrecioScanUITests.xctest */,
			);
			name = Products;
			sourceTree = "<group>";
		};
		30FFE6201F85977E001CE3B8 /* PrecioScan */ = {
			isa = PBXGroup;
			children = (
				30FFE6211F85977E001CE3B8 /* AppDelegate.swift */,
				30FFE6231F85977E001CE3B8 /* ViewController.swift */,
				30FFE6251F85977E001CE3B8 /* Main.storyboard */,
				30FFE6281F85977E001CE3B8 /* Assets.xcassets */,
				30FFE62A1F85977E001CE3B8 /* LaunchScreen.storyboard */,
				30FFE62D1F85977E001CE3B8 /* Info.plist */,
			);
			path = PrecioScan;
			sourceTree = "<group>";
		};
		30FFE6351F85977E001CE3B8 /* PrecioScanTests */ = {
			isa = PBXGroup;
			children = (
				30FFE6361F85977E001CE3B8 /* PrecioScanTests.swift */,
				30FFE6381F85977E001CE3B8 /* Info.plist */,
			);
			path = PrecioScanTests;
			sourceTree = "<group>";
		};
		30FFE6401F85977E001CE3B8 /* PrecioScanUITests */ = {
			isa = PBXGroup;
			children = (
				30FFE6411F85977E001CE3B8 /* PrecioScanUITests.swift */,
				30FFE6431F85977E001CE3B8 /* Info.plist */,
			);
			path = PrecioScanUITests;
			sourceTree = "<group>";
		};
		440E08B9AFB5E1578FA15A06 /* Pods */ = {
			isa = PBXGroup;
			children = (
				42CACF8C67CE87D680AF42D8 /* Pods-PrecioScan.debug.xcconfig */,
				EB7E8D53036E3E9AE05BB878 /* Pods-PrecioScan.release.xcconfig */,
				4156FBB940111A35BD279D0D /* Pods-PrecioScanTests.debug.xcconfig */,
				0AAAD7346DF821F431583F23 /* Pods-PrecioScanTests.release.xcconfig */,
				F780BF0F7F1734FBBBC13754 /* Pods-PrecioScanUITests.debug.xcconfig */,
				2F655A3BDDA6A82F5F6981B2 /* Pods-PrecioScanUITests.release.xcconfig */,
			);
			name = Pods;
			sourceTree = "<group>";
		};
		44EB93D0A13394B089405FEB /* Frameworks */ = {
			isa = PBXGroup;
			children = (
				21711979D3BFC5050CB3B4E5 /* Pods_PrecioScan.framework */,
				DE9B266A0EFB06CF317C4466 /* Pods_PrecioScanTests.framework */,
				9B5EB06121EA012ADC4D6797 /* Pods_PrecioScanUITests.framework */,
			);
			name = Frameworks;
			sourceTree = "<group>";
		};
/* End PBXGroup section */

/* Begin PBXNativeTarget section */
		30FFE61D1F85977E001CE3B8 /* PrecioScan */ = {
			isa = PBXNativeTarget;
			buildConfigurationList = 30FFE6461F85977E001CE3B8 /* Build configuration list for PBXNativeTarget "PrecioScan" */;
			buildPhases = (
				703B52D5F9A45E706CE47142 /* [CP] Check Pods Manifest.lock */,
				30FFE61A1F85977E001CE3B8 /* Sources */,
				30FFE61B1F85977E001CE3B8 /* Frameworks */,
				30FFE61C1F85977E001CE3B8 /* Resources */,
				98CBEB341EF89119CBB7E9BB /* [CP] Embed Pods Frameworks */,
				FC91120FFA8403ABF2132FC3 /* [CP] Copy Pods Resources */,
			);
			buildRules = (
			);
			dependencies = (
			);
			name = PrecioScan;
			productName = PrecioScan;
			productReference = 30FFE61E1F85977E001CE3B8 /* PrecioScan.app */;
			productType = "com.apple.product-type.application";
		};
		30FFE6311F85977E001CE3B8 /* PrecioScanTests */ = {
			isa = PBXNativeTarget;
			buildConfigurationList = 30FFE6491F85977E001CE3B8 /* Build configuration list for PBXNativeTarget "PrecioScanTests" */;
			buildPhases = (
				BDE35EE5D816E7811757C1C9 /* [CP] Check Pods Manifest.lock */,
				30FFE62E1F85977E001CE3B8 /* Sources */,
				30FFE62F1F85977E001CE3B8 /* Frameworks */,
				30FFE6301F85977E001CE3B8 /* Resources */,
				C09B700C0B3B48D79D23A578 /* [CP] Embed Pods Frameworks */,
				A9143923ECC716B366614211 /* [CP] Copy Pods Resources */,
			);
			buildRules = (
			);
			dependencies = (
				30FFE6341F85977E001CE3B8 /* PBXTargetDependency */,
			);
			name = PrecioScanTests;
			productName = PrecioScanTests;
			productReference = 30FFE6321F85977E001CE3B8 /* PrecioScanTests.xctest */;
			productType = "com.apple.product-type.bundle.unit-test";
		};
		30FFE63C1F85977E001CE3B8 /* PrecioScanUITests */ = {
			isa = PBXNativeTarget;
			buildConfigurationList = 30FFE64C1F85977E001CE3B8 /* Build configuration list for PBXNativeTarget "PrecioScanUITests" */;
			buildPhases = (
				22DC8226379B2C4AAF8B3663 /* [CP] Check Pods Manifest.lock */,
				30FFE6391F85977E001CE3B8 /* Sources */,
				30FFE63A1F85977E001CE3B8 /* Frameworks */,
				30FFE63B1F85977E001CE3B8 /* Resources */,
				03DDB2E312F38B78F3D9635A /* [CP] Embed Pods Frameworks */,
				C3D90DFA5033CBE31EA9D5C7 /* [CP] Copy Pods Resources */,
			);
			buildRules = (
			);
			dependencies = (
				30FFE63F1F85977E001CE3B8 /* PBXTargetDependency */,
			);
			name = PrecioScanUITests;
			productName = PrecioScanUITests;
			productReference = 30FFE63D1F85977E001CE3B8 /* PrecioScanUITests.xctest */;
			productType = "com.apple.product-type.bundle.ui-testing";
		};
/* End PBXNativeTarget section */

/* Begin PBXProject section */
		30FFE6161F85977E001CE3B8 /* Project object */ = {
			isa = PBXProject;
			attributes = {
				LastSwiftUpdateCheck = 0900;
				LastUpgradeCheck = 0900;
				ORGANIZATIONNAME = "Felix Olivares";
				TargetAttributes = {
					30FFE61D1F85977E001CE3B8 = {
						CreatedOnToolsVersion = 9.0;
						ProvisioningStyle = Automatic;
					};
					30FFE6311F85977E001CE3B8 = {
						CreatedOnToolsVersion = 9.0;
						ProvisioningStyle = Automatic;
						TestTargetID = 30FFE61D1F85977E001CE3B8;
					};
					30FFE63C1F85977E001CE3B8 = {
						CreatedOnToolsVersion = 9.0;
						ProvisioningStyle = Automatic;
						TestTargetID = 30FFE61D1F85977E001CE3B8;
					};
				};
			};
			buildConfigurationList = 30FFE6191F85977E001CE3B8 /* Build configuration list for PBXProject "PrecioScan" */;
			compatibilityVersion = "Xcode 8.0";
			developmentRegion = en;
			hasScannedForEncodings = 0;
			knownRegions = (
				en,
				Base,
			);
			mainGroup = 30FFE6151F85977E001CE3B8;
			productRefGroup = 30FFE61F1F85977E001CE3B8 /* Products */;
			projectDirPath = "";
			projectRoot = "";
			targets = (
				30FFE61D1F85977E001CE3B8 /* PrecioScan */,
				30FFE6311F85977E001CE3B8 /* PrecioScanTests */,
				30FFE63C1F85977E001CE3B8 /* PrecioScanUITests */,
			);
		};
/* End PBXProject section */

/* Begin PBXResourcesBuildPhase section */
		30FFE61C1F85977E001CE3B8 /* Resources */ = {
			isa = PBXResourcesBuildPhase;
			buildActionMask = 2147483647;
			files = (
				30FFE62C1F85977E001CE3B8 /* LaunchScreen.storyboard in Resources */,
				30FFE6291F85977E001CE3B8 /* Assets.xcassets in Resources */,
				30FFE6271F85977E001CE3B8 /* Main.storyboard in Resources */,
			);
			runOnlyForDeploymentPostprocessing = 0;
		};
		30FFE6301F85977E001CE3B8 /* Resources */ = {
			isa = PBXResourcesBuildPhase;
			buildActionMask = 2147483647;
			files = (
			);
			runOnlyForDeploymentPostprocessing = 0;
		};
		30FFE63B1F85977E001CE3B8 /* Resources */ = {
			isa = PBXResourcesBuildPhase;
			buildActionMask = 2147483647;
			files = (
			);
			runOnlyForDeploymentPostprocessing = 0;
		};
/* End PBXResourcesBuildPhase section */

/* Begin PBXShellScriptBuildPhase section */
		03DDB2E312F38B78F3D9635A /* [CP] Embed Pods Frameworks */ = {
			isa = PBXShellScriptBuildPhase;
			buildActionMask = 2147483647;
			files = (
			);
			inputPaths = (
			);
			name = "[CP] Embed Pods Frameworks";
			outputPaths = (
			);
			runOnlyForDeploymentPostprocessing = 0;
			shellPath = /bin/sh;
			shellScript = "\"${SRCROOT}/Pods/Target Support Files/Pods-PrecioScanUITests/Pods-PrecioScanUITests-frameworks.sh\"\n";
			showEnvVarsInLog = 0;
		};
		22DC8226379B2C4AAF8B3663 /* [CP] Check Pods Manifest.lock */ = {
			isa = PBXShellScriptBuildPhase;
			buildActionMask = 2147483647;
			files = (
			);
			inputPaths = (
				"${PODS_PODFILE_DIR_PATH}/Podfile.lock",
				"${PODS_ROOT}/Manifest.lock",
			);
			name = "[CP] Check Pods Manifest.lock";
			outputPaths = (
				"$(DERIVED_FILE_DIR)/Pods-PrecioScanUITests-checkManifestLockResult.txt",
			);
			runOnlyForDeploymentPostprocessing = 0;
			shellPath = /bin/sh;
			shellScript = "diff \"${PODS_PODFILE_DIR_PATH}/Podfile.lock\" \"${PODS_ROOT}/Manifest.lock\" > /dev/null\nif [ $? != 0 ] ; then\n    # print error to STDERR\n    echo \"error: The sandbox is not in sync with the Podfile.lock. Run 'pod install' or update your CocoaPods installation.\" >&2\n    exit 1\nfi\n# This output is used by Xcode 'outputs' to avoid re-running this script phase.\necho \"SUCCESS\" > \"${SCRIPT_OUTPUT_FILE_0}\"\n";
			showEnvVarsInLog = 0;
		};
		703B52D5F9A45E706CE47142 /* [CP] Check Pods Manifest.lock */ = {
			isa = PBXShellScriptBuildPhase;
			buildActionMask = 2147483647;
			files = (
			);
			inputPaths = (
				"${PODS_PODFILE_DIR_PATH}/Podfile.lock",
				"${PODS_ROOT}/Manifest.lock",
			);
			name = "[CP] Check Pods Manifest.lock";
			outputPaths = (
				"$(DERIVED_FILE_DIR)/Pods-PrecioScan-checkManifestLockResult.txt",
			);
			runOnlyForDeploymentPostprocessing = 0;
			shellPath = /bin/sh;
			shellScript = "diff \"${PODS_PODFILE_DIR_PATH}/Podfile.lock\" \"${PODS_ROOT}/Manifest.lock\" > /dev/null\nif [ $? != 0 ] ; then\n    # print error to STDERR\n    echo \"error: The sandbox is not in sync with the Podfile.lock. Run 'pod install' or update your CocoaPods installation.\" >&2\n    exit 1\nfi\n# This output is used by Xcode 'outputs' to avoid re-running this script phase.\necho \"SUCCESS\" > \"${SCRIPT_OUTPUT_FILE_0}\"\n";
			showEnvVarsInLog = 0;
		};
		98CBEB341EF89119CBB7E9BB /* [CP] Embed Pods Frameworks */ = {
			isa = PBXShellScriptBuildPhase;
			buildActionMask = 2147483647;
			files = (
			);
			inputPaths = (
				"${SRCROOT}/Pods/Target Support Files/Pods-PrecioScan/Pods-PrecioScan-frameworks.sh",
				"${BUILT_PRODUCTS_DIR}/Alamofire/Alamofire.framework",
				"${BUILT_PRODUCTS_DIR}/AlamofireImage/AlamofireImage.framework",
				"${BUILT_PRODUCTS_DIR}/AlecrimCoreData/AlecrimCoreData.framework",
				"${BUILT_PRODUCTS_DIR}/AsyncSwift/Async.framework",
				"${BUILT_PRODUCTS_DIR}/ChameleonFramework/ChameleonFramework.framework",
				"${BUILT_PRODUCTS_DIR}/IQKeyboardManagerSwift/IQKeyboardManagerSwift.framework",
				"${BUILT_PRODUCTS_DIR}/PopupDialog/PopupDialog.framework",
			);
			name = "[CP] Embed Pods Frameworks";
			outputPaths = (
				"${TARGET_BUILD_DIR}/${FRAMEWORKS_FOLDER_PATH}/Alamofire.framework",
				"${TARGET_BUILD_DIR}/${FRAMEWORKS_FOLDER_PATH}/AlamofireImage.framework",
				"${TARGET_BUILD_DIR}/${FRAMEWORKS_FOLDER_PATH}/AlecrimCoreData.framework",
				"${TARGET_BUILD_DIR}/${FRAMEWORKS_FOLDER_PATH}/Async.framework",
				"${TARGET_BUILD_DIR}/${FRAMEWORKS_FOLDER_PATH}/ChameleonFramework.framework",
				"${TARGET_BUILD_DIR}/${FRAMEWORKS_FOLDER_PATH}/IQKeyboardManagerSwift.framework",
				"${TARGET_BUILD_DIR}/${FRAMEWORKS_FOLDER_PATH}/PopupDialog.framework",
			);
			runOnlyForDeploymentPostprocessing = 0;
			shellPath = /bin/sh;
			shellScript = "\"${SRCROOT}/Pods/Target Support Files/Pods-PrecioScan/Pods-PrecioScan-frameworks.sh\"\n";
			showEnvVarsInLog = 0;
		};
		A9143923ECC716B366614211 /* [CP] Copy Pods Resources */ = {
			isa = PBXShellScriptBuildPhase;
			buildActionMask = 2147483647;
			files = (
			);
			inputPaths = (
			);
			name = "[CP] Copy Pods Resources";
			outputPaths = (
			);
			runOnlyForDeploymentPostprocessing = 0;
			shellPath = /bin/sh;
			shellScript = "\"${SRCROOT}/Pods/Target Support Files/Pods-PrecioScanTests/Pods-PrecioScanTests-resources.sh\"\n";
			showEnvVarsInLog = 0;
		};
		BDE35EE5D816E7811757C1C9 /* [CP] Check Pods Manifest.lock */ = {
			isa = PBXShellScriptBuildPhase;
			buildActionMask = 2147483647;
			files = (
			);
			inputPaths = (
				"${PODS_PODFILE_DIR_PATH}/Podfile.lock",
				"${PODS_ROOT}/Manifest.lock",
			);
			name = "[CP] Check Pods Manifest.lock";
			outputPaths = (
				"$(DERIVED_FILE_DIR)/Pods-PrecioScanTests-checkManifestLockResult.txt",
			);
			runOnlyForDeploymentPostprocessing = 0;
			shellPath = /bin/sh;
			shellScript = "diff \"${PODS_PODFILE_DIR_PATH}/Podfile.lock\" \"${PODS_ROOT}/Manifest.lock\" > /dev/null\nif [ $? != 0 ] ; then\n    # print error to STDERR\n    echo \"error: The sandbox is not in sync with the Podfile.lock. Run 'pod install' or update your CocoaPods installation.\" >&2\n    exit 1\nfi\n# This output is used by Xcode 'outputs' to avoid re-running this script phase.\necho \"SUCCESS\" > \"${SCRIPT_OUTPUT_FILE_0}\"\n";
			showEnvVarsInLog = 0;
		};
		C09B700C0B3B48D79D23A578 /* [CP] Embed Pods Frameworks */ = {
			isa = PBXShellScriptBuildPhase;
			buildActionMask = 2147483647;
			files = (
			);
			inputPaths = (
			);
			name = "[CP] Embed Pods Frameworks";
			outputPaths = (
			);
			runOnlyForDeploymentPostprocessing = 0;
			shellPath = /bin/sh;
			shellScript = "\"${SRCROOT}/Pods/Target Support Files/Pods-PrecioScanTests/Pods-PrecioScanTests-frameworks.sh\"\n";
			showEnvVarsInLog = 0;
		};
		C3D90DFA5033CBE31EA9D5C7 /* [CP] Copy Pods Resources */ = {
			isa = PBXShellScriptBuildPhase;
			buildActionMask = 2147483647;
			files = (
			);
			inputPaths = (
			);
			name = "[CP] Copy Pods Resources";
			outputPaths = (
			);
			runOnlyForDeploymentPostprocessing = 0;
			shellPath = /bin/sh;
			shellScript = "\"${SRCROOT}/Pods/Target Support Files/Pods-PrecioScanUITests/Pods-PrecioScanUITests-resources.sh\"\n";
			showEnvVarsInLog = 0;
		};
		FC91120FFA8403ABF2132FC3 /* [CP] Copy Pods Resources */ = {
			isa = PBXShellScriptBuildPhase;
			buildActionMask = 2147483647;
			files = (
			);
			inputPaths = (
			);
			name = "[CP] Copy Pods Resources";
			outputPaths = (
			);
			runOnlyForDeploymentPostprocessing = 0;
			shellPath = /bin/sh;
			shellScript = "\"${SRCROOT}/Pods/Target Support Files/Pods-PrecioScan/Pods-PrecioScan-resources.sh\"\n";
			showEnvVarsInLog = 0;
		};
/* End PBXShellScriptBuildPhase section */

/* Begin PBXSourcesBuildPhase section */
		30FFE61A1F85977E001CE3B8 /* Sources */ = {
			isa = PBXSourcesBuildPhase;
			buildActionMask = 2147483647;
			files = (
				30FFE6241F85977E001CE3B8 /* ViewController.swift in Sources */,
				30FFE6221F85977E001CE3B8 /* AppDelegate.swift in Sources */,
			);
			runOnlyForDeploymentPostprocessing = 0;
		};
		30FFE62E1F85977E001CE3B8 /* Sources */ = {
			isa = PBXSourcesBuildPhase;
			buildActionMask = 2147483647;
			files = (
				30FFE6371F85977E001CE3B8 /* PrecioScanTests.swift in Sources */,
			);
			runOnlyForDeploymentPostprocessing = 0;
		};
		30FFE6391F85977E001CE3B8 /* Sources */ = {
			isa = PBXSourcesBuildPhase;
			buildActionMask = 2147483647;
			files = (
				30FFE6421F85977E001CE3B8 /* PrecioScanUITests.swift in Sources */,
			);
			runOnlyForDeploymentPostprocessing = 0;
		};
/* End PBXSourcesBuildPhase section */

/* Begin PBXTargetDependency section */
		30FFE6341F85977E001CE3B8 /* PBXTargetDependency */ = {
			isa = PBXTargetDependency;
			target = 30FFE61D1F85977E001CE3B8 /* PrecioScan */;
			targetProxy = 30FFE6331F85977E001CE3B8 /* PBXContainerItemProxy */;
		};
		30FFE63F1F85977E001CE3B8 /* PBXTargetDependency */ = {
			isa = PBXTargetDependency;
			target = 30FFE61D1F85977E001CE3B8 /* PrecioScan */;
			targetProxy = 30FFE63E1F85977E001CE3B8 /* PBXContainerItemProxy */;
		};
/* End PBXTargetDependency section */

/* Begin PBXVariantGroup section */
		30FFE6251F85977E001CE3B8 /* Main.storyboard */ = {
			isa = PBXVariantGroup;
			children = (
				30FFE6261F85977E001CE3B8 /* Base */,
			);
			name = Main.storyboard;
			sourceTree = "<group>";
		};
		30FFE62A1F85977E001CE3B8 /* LaunchScreen.storyboard */ = {
			isa = PBXVariantGroup;
			children = (
				30FFE62B1F85977E001CE3B8 /* Base */,
			);
			name = LaunchScreen.storyboard;
			sourceTree = "<group>";
		};
/* End PBXVariantGroup section */

/* Begin XCBuildConfiguration section */
		30FFE6441F85977E001CE3B8 /* Debug */ = {
			isa = XCBuildConfiguration;
			buildSettings = {
				ALWAYS_SEARCH_USER_PATHS = NO;
				CLANG_ANALYZER_NONNULL = YES;
				CLANG_ANALYZER_NUMBER_OBJECT_CONVERSION = YES_AGGRESSIVE;
				CLANG_CXX_LANGUAGE_STANDARD = "gnu++14";
				CLANG_CXX_LIBRARY = "libc++";
				CLANG_ENABLE_MODULES = YES;
				CLANG_ENABLE_OBJC_ARC = YES;
				CLANG_WARN_BLOCK_CAPTURE_AUTORELEASING = YES;
				CLANG_WARN_BOOL_CONVERSION = YES;
				CLANG_WARN_COMMA = YES;
				CLANG_WARN_CONSTANT_CONVERSION = YES;
				CLANG_WARN_DIRECT_OBJC_ISA_USAGE = YES_ERROR;
				CLANG_WARN_DOCUMENTATION_COMMENTS = YES;
				CLANG_WARN_EMPTY_BODY = YES;
				CLANG_WARN_ENUM_CONVERSION = YES;
				CLANG_WARN_INFINITE_RECURSION = YES;
				CLANG_WARN_INT_CONVERSION = YES;
				CLANG_WARN_NON_LITERAL_NULL_CONVERSION = YES;
				CLANG_WARN_OBJC_LITERAL_CONVERSION = YES;
				CLANG_WARN_OBJC_ROOT_CLASS = YES_ERROR;
				CLANG_WARN_RANGE_LOOP_ANALYSIS = YES;
				CLANG_WARN_STRICT_PROTOTYPES = YES;
				CLANG_WARN_SUSPICIOUS_MOVE = YES;
				CLANG_WARN_UNGUARDED_AVAILABILITY = YES_AGGRESSIVE;
				CLANG_WARN_UNREACHABLE_CODE = YES;
				CLANG_WARN__DUPLICATE_METHOD_MATCH = YES;
				CODE_SIGN_IDENTITY = "iPhone Developer";
				COPY_PHASE_STRIP = NO;
				DEBUG_INFORMATION_FORMAT = dwarf;
				ENABLE_STRICT_OBJC_MSGSEND = YES;
				ENABLE_TESTABILITY = YES;
				GCC_C_LANGUAGE_STANDARD = gnu11;
				GCC_DYNAMIC_NO_PIC = NO;
				GCC_NO_COMMON_BLOCKS = YES;
				GCC_OPTIMIZATION_LEVEL = 0;
				GCC_PREPROCESSOR_DEFINITIONS = (
					"DEBUG=1",
					"$(inherited)",
				);
				GCC_WARN_64_TO_32_BIT_CONVERSION = YES;
				GCC_WARN_ABOUT_RETURN_TYPE = YES_ERROR;
				GCC_WARN_UNDECLARED_SELECTOR = YES;
				GCC_WARN_UNINITIALIZED_AUTOS = YES_AGGRESSIVE;
				GCC_WARN_UNUSED_FUNCTION = YES;
				GCC_WARN_UNUSED_VARIABLE = YES;
				IPHONEOS_DEPLOYMENT_TARGET = 11.0;
				MTL_ENABLE_DEBUG_INFO = YES;
				ONLY_ACTIVE_ARCH = YES;
				SDKROOT = iphoneos;
				SWIFT_ACTIVE_COMPILATION_CONDITIONS = DEBUG;
				SWIFT_OPTIMIZATION_LEVEL = "-Onone";
			};
			name = Debug;
		};
		30FFE6451F85977E001CE3B8 /* Release */ = {
			isa = XCBuildConfiguration;
			buildSettings = {
				ALWAYS_SEARCH_USER_PATHS = NO;
				CLANG_ANALYZER_NONNULL = YES;
				CLANG_ANALYZER_NUMBER_OBJECT_CONVERSION = YES_AGGRESSIVE;
				CLANG_CXX_LANGUAGE_STANDARD = "gnu++14";
				CLANG_CXX_LIBRARY = "libc++";
				CLANG_ENABLE_MODULES = YES;
				CLANG_ENABLE_OBJC_ARC = YES;
				CLANG_WARN_BLOCK_CAPTURE_AUTORELEASING = YES;
				CLANG_WARN_BOOL_CONVERSION = YES;
				CLANG_WARN_COMMA = YES;
				CLANG_WARN_CONSTANT_CONVERSION = YES;
				CLANG_WARN_DIRECT_OBJC_ISA_USAGE = YES_ERROR;
				CLANG_WARN_DOCUMENTATION_COMMENTS = YES;
				CLANG_WARN_EMPTY_BODY = YES;
				CLANG_WARN_ENUM_CONVERSION = YES;
				CLANG_WARN_INFINITE_RECURSION = YES;
				CLANG_WARN_INT_CONVERSION = YES;
				CLANG_WARN_NON_LITERAL_NULL_CONVERSION = YES;
				CLANG_WARN_OBJC_LITERAL_CONVERSION = YES;
				CLANG_WARN_OBJC_ROOT_CLASS = YES_ERROR;
				CLANG_WARN_RANGE_LOOP_ANALYSIS = YES;
				CLANG_WARN_STRICT_PROTOTYPES = YES;
				CLANG_WARN_SUSPICIOUS_MOVE = YES;
				CLANG_WARN_UNGUARDED_AVAILABILITY = YES_AGGRESSIVE;
				CLANG_WARN_UNREACHABLE_CODE = YES;
				CLANG_WARN__DUPLICATE_METHOD_MATCH = YES;
				CODE_SIGN_IDENTITY = "iPhone Developer";
				COPY_PHASE_STRIP = NO;
				DEBUG_INFORMATION_FORMAT = "dwarf-with-dsym";
				ENABLE_NS_ASSERTIONS = NO;
				ENABLE_STRICT_OBJC_MSGSEND = YES;
				GCC_C_LANGUAGE_STANDARD = gnu11;
				GCC_NO_COMMON_BLOCKS = YES;
				GCC_WARN_64_TO_32_BIT_CONVERSION = YES;
				GCC_WARN_ABOUT_RETURN_TYPE = YES_ERROR;
				GCC_WARN_UNDECLARED_SELECTOR = YES;
				GCC_WARN_UNINITIALIZED_AUTOS = YES_AGGRESSIVE;
				GCC_WARN_UNUSED_FUNCTION = YES;
				GCC_WARN_UNUSED_VARIABLE = YES;
				IPHONEOS_DEPLOYMENT_TARGET = 11.0;
				MTL_ENABLE_DEBUG_INFO = NO;
				SDKROOT = iphoneos;
				SWIFT_OPTIMIZATION_LEVEL = "-Owholemodule";
				VALIDATE_PRODUCT = YES;
			};
			name = Release;
		};
		30FFE6471F85977E001CE3B8 /* Debug */ = {
			isa = XCBuildConfiguration;
			baseConfigurationReference = 42CACF8C67CE87D680AF42D8 /* Pods-PrecioScan.debug.xcconfig */;
			buildSettings = {
				ASSETCATALOG_COMPILER_APPICON_NAME = AppIcon;
				CODE_SIGN_STYLE = Automatic;
				DEVELOPMENT_TEAM = NNWZVWTFJB;
				INFOPLIST_FILE = PrecioScan/Info.plist;
				IPHONEOS_DEPLOYMENT_TARGET = 10.0;
				LD_RUNPATH_SEARCH_PATHS = "$(inherited) @executable_path/Frameworks";
				PRODUCT_BUNDLE_IDENTIFIER = com.felixolivares.PrecioScan;
				PRODUCT_NAME = "$(TARGET_NAME)";
				SWIFT_VERSION = 4.0;
				TARGETED_DEVICE_FAMILY = "1,2";
			};
			name = Debug;
		};
		30FFE6481F85977E001CE3B8 /* Release */ = {
			isa = XCBuildConfiguration;
			baseConfigurationReference = EB7E8D53036E3E9AE05BB878 /* Pods-PrecioScan.release.xcconfig */;
			buildSettings = {
				ASSETCATALOG_COMPILER_APPICON_NAME = AppIcon;
				CODE_SIGN_STYLE = Automatic;
				DEVELOPMENT_TEAM = NNWZVWTFJB;
				INFOPLIST_FILE = PrecioScan/Info.plist;
				IPHONEOS_DEPLOYMENT_TARGET = 10.0;
				LD_RUNPATH_SEARCH_PATHS = "$(inherited) @executable_path/Frameworks";
				PRODUCT_BUNDLE_IDENTIFIER = com.felixolivares.PrecioScan;
				PRODUCT_NAME = "$(TARGET_NAME)";
				SWIFT_VERSION = 4.0;
				TARGETED_DEVICE_FAMILY = "1,2";
			};
			name = Release;
		};
		30FFE64A1F85977E001CE3B8 /* Debug */ = {
			isa = XCBuildConfiguration;
			baseConfigurationReference = 4156FBB940111A35BD279D0D /* Pods-PrecioScanTests.debug.xcconfig */;
			buildSettings = {
				ALWAYS_EMBED_SWIFT_STANDARD_LIBRARIES = YES;
				BUNDLE_LOADER = "$(TEST_HOST)";
				CODE_SIGN_STYLE = Automatic;
				DEVELOPMENT_TEAM = NNWZVWTFJB;
				INFOPLIST_FILE = PrecioScanTests/Info.plist;
				LD_RUNPATH_SEARCH_PATHS = "$(inherited) @executable_path/Frameworks @loader_path/Frameworks";
				PRODUCT_BUNDLE_IDENTIFIER = com.felixolivares.PrecioScanTests;
				PRODUCT_NAME = "$(TARGET_NAME)";
				SWIFT_VERSION = 4.0;
				TARGETED_DEVICE_FAMILY = "1,2";
				TEST_HOST = "$(BUILT_PRODUCTS_DIR)/PrecioScan.app/PrecioScan";
			};
			name = Debug;
		};
		30FFE64B1F85977E001CE3B8 /* Release */ = {
			isa = XCBuildConfiguration;
			baseConfigurationReference = 0AAAD7346DF821F431583F23 /* Pods-PrecioScanTests.release.xcconfig */;
			buildSettings = {
				ALWAYS_EMBED_SWIFT_STANDARD_LIBRARIES = YES;
				BUNDLE_LOADER = "$(TEST_HOST)";
				CODE_SIGN_STYLE = Automatic;
				DEVELOPMENT_TEAM = NNWZVWTFJB;
				INFOPLIST_FILE = PrecioScanTests/Info.plist;
				LD_RUNPATH_SEARCH_PATHS = "$(inherited) @executable_path/Frameworks @loader_path/Frameworks";
				PRODUCT_BUNDLE_IDENTIFIER = com.felixolivares.PrecioScanTests;
				PRODUCT_NAME = "$(TARGET_NAME)";
				SWIFT_VERSION = 4.0;
				TARGETED_DEVICE_FAMILY = "1,2";
				TEST_HOST = "$(BUILT_PRODUCTS_DIR)/PrecioScan.app/PrecioScan";
			};
			name = Release;
		};
		30FFE64D1F85977E001CE3B8 /* Debug */ = {
			isa = XCBuildConfiguration;
			baseConfigurationReference = F780BF0F7F1734FBBBC13754 /* Pods-PrecioScanUITests.debug.xcconfig */;
			buildSettings = {
				ALWAYS_EMBED_SWIFT_STANDARD_LIBRARIES = YES;
				CODE_SIGN_STYLE = Automatic;
				DEVELOPMENT_TEAM = NNWZVWTFJB;
				INFOPLIST_FILE = PrecioScanUITests/Info.plist;
				LD_RUNPATH_SEARCH_PATHS = "$(inherited) @executable_path/Frameworks @loader_path/Frameworks";
				PRODUCT_BUNDLE_IDENTIFIER = com.felixolivares.PrecioScanUITests;
				PRODUCT_NAME = "$(TARGET_NAME)";
				SWIFT_VERSION = 4.0;
				TARGETED_DEVICE_FAMILY = "1,2";
				TEST_TARGET_NAME = PrecioScan;
			};
			name = Debug;
		};
		30FFE64E1F85977E001CE3B8 /* Release */ = {
			isa = XCBuildConfiguration;
			baseConfigurationReference = 2F655A3BDDA6A82F5F6981B2 /* Pods-PrecioScanUITests.release.xcconfig */;
			buildSettings = {
				ALWAYS_EMBED_SWIFT_STANDARD_LIBRARIES = YES;
				CODE_SIGN_STYLE = Automatic;
				DEVELOPMENT_TEAM = NNWZVWTFJB;
				INFOPLIST_FILE = PrecioScanUITests/Info.plist;
				LD_RUNPATH_SEARCH_PATHS = "$(inherited) @executable_path/Frameworks @loader_path/Frameworks";
				PRODUCT_BUNDLE_IDENTIFIER = com.felixolivares.PrecioScanUITests;
				PRODUCT_NAME = "$(TARGET_NAME)";
				SWIFT_VERSION = 4.0;
				TARGETED_DEVICE_FAMILY = "1,2";
				TEST_TARGET_NAME = PrecioScan;
			};
			name = Release;
		};
/* End XCBuildConfiguration section */

/* Begin XCConfigurationList section */
		30FFE6191F85977E001CE3B8 /* Build configuration list for PBXProject "PrecioScan" */ = {
			isa = XCConfigurationList;
			buildConfigurations = (
				30FFE6441F85977E001CE3B8 /* Debug */,
				30FFE6451F85977E001CE3B8 /* Release */,
			);
			defaultConfigurationIsVisible = 0;
			defaultConfigurationName = Release;
		};
		30FFE6461F85977E001CE3B8 /* Build configuration list for PBXNativeTarget "PrecioScan" */ = {
			isa = XCConfigurationList;
			buildConfigurations = (
				30FFE6471F85977E001CE3B8 /* Debug */,
				30FFE6481F85977E001CE3B8 /* Release */,
			);
			defaultConfigurationIsVisible = 0;
			defaultConfigurationName = Release;
		};
		30FFE6491F85977E001CE3B8 /* Build configuration list for PBXNativeTarget "PrecioScanTests" */ = {
			isa = XCConfigurationList;
			buildConfigurations = (
				30FFE64A1F85977E001CE3B8 /* Debug */,
				30FFE64B1F85977E001CE3B8 /* Release */,
			);
			defaultConfigurationIsVisible = 0;
			defaultConfigurationName = Release;
		};
		30FFE64C1F85977E001CE3B8 /* Build configuration list for PBXNativeTarget "PrecioScanUITests" */ = {
			isa = XCConfigurationList;
			buildConfigurations = (
				30FFE64D1F85977E001CE3B8 /* Debug */,
				30FFE64E1F85977E001CE3B8 /* Release */,
			);
			defaultConfigurationIsVisible = 0;
			defaultConfigurationName = Release;
		};
/* End XCConfigurationList section */
	};
	rootObject = 30FFE6161F85977E001CE3B8 /* Project object */;
}
